<?xml version="1.0" encoding="utf-8"?>
<Project ToolsVersion="15.0" xmlns="http://schemas.microsoft.com/developer/msbuild/2003">
  <ItemGroup>
    <CustomBuild Include="C:\Source\opencv_cuda4dnn\build_no_tbb\CMakeFiles\aed2803eeba873e18c5c9713dff75bd3\uninstall.rule">
      <Filter>CMake Rules</Filter>
    </CustomBuild>
    <CustomBuild Include="C:\Source\opencv_cuda4dnn\CMakeLists.txt" />
  </ItemGroup>
  <ItemGroup>
    <None Include="C:\Source\opencv_cuda4dnn\build_no_tbb\CMakeFiles\uninstall" />
  </ItemGroup>
  <ItemGroup>
    <Filter Include="CMake Rules">
      <UniqueIdentifier>{A7BFB6EE-6FCB-3B89-AB66-ADD3D63A126A}</UniqueIdentifier>
    </Filter>
  </ItemGroup>
</Project>
