Microsoft Visual Studio Solution File, Format Version 12.00
# Visual Studio 15
Project("{2150E333-8FDC-42A3-9474-1A3956D46DE8}") = "3rdparty", "3rdparty", "{5A61AFA6-75ED-367D-AF85-13FF12F8E44D}"
EndProject
Project("{2150E333-8FDC-42A3-9474-1A3956D46DE8}") = "CMakeTargets", "CMakeTargets", "{0DCB329E-E4B3-3F79-B9FA-5C82541F51A3}"
EndProject
Project("{2150E333-8FDC-42A3-9474-1A3956D46DE8}") = "applications", "applications", "{DA17418F-91C5-39B3-A69B-1925F3E3ED44}"
EndProject
Project("{2150E333-8FDC-42A3-9474-1A3956D46DE8}") = "dispatched", "dispatched", "{B4A6BF2A-BE0D-3AE3-AC3D-31D3CE489283}"
EndProject
Project("{2150E333-8FDC-42A3-9474-1A3956D46DE8}") = "modules", "modules", "{5062CF25-65F4-30D9-A005-D48595EE82A3}"
EndProject
Project("{8BC9CEB8-8B4A-11D0-8D11-00A0C91BC942}") = "ALL_BUILD", "ALL_BUILD.vcxproj", "{711538EC-E13D-3637-8F96-11DC1C596FCC}"
	ProjectSection(ProjectDependencies) = postProject
		{F00D3967-229D-35D4-9EDF-5DBAB3A0E21B} = {F00D3967-229D-35D4-9EDF-5DBAB3A0E21B}
		{5E31D228-B05F-334F-95ED-B3CBA6FA03D6} = {5E31D228-B05F-334F-95ED-B3CBA6FA03D6}
	EndProjectSection
EndProject
Project("{8BC9CEB8-8B4A-11D0-8D11-00A0C91BC942}") = "INSTALL", "INSTALL.vcxproj", "{EB5B11F6-4863-3329-9A24-EC1F74489E67}"
	ProjectSection(ProjectDependencies) = postProject
		{711538EC-E13D-3637-8F96-11DC1C596FCC} = {711538EC-E13D-3637-8F96-11DC1C596FCC}
		{F00D3967-229D-35D4-9EDF-5DBAB3A0E21B} = {F00D3967-229D-35D4-9EDF-5DBAB3A0E21B}
	EndProjectSection
EndProject
Project("{8BC9CEB8-8B4A-11D0-8D11-00A0C91BC942}") = "IlmImf", "..\..\..\..\3rdparty\openexr\IlmImf.vcxproj", "{24FCE2EB-B22D-39BF-9B16-F41AEB9333F0}"
	ProjectSection(ProjectDependencies) = postProject
		{F00D3967-229D-35D4-9EDF-5DBAB3A0E21B} = {F00D3967-229D-35D4-9EDF-5DBAB3A0E21B}
		{A30F47BC-A4E4-361C-A1D0-D3D69B5AF753} = {A30F47BC-A4E4-361C-A1D0-D3D69B5AF753}
	EndProjectSection
EndProject
Project("{8BC9CEB8-8B4A-11D0-8D11-00A0C91BC942}") = "PACKAGE", "PACKAGE.vcxproj", "{E1A5C9DB-2BDE-3867-A910-B7B0657CAF25}"
	ProjectSection(ProjectDependencies) = postProject
		{711538EC-E13D-3637-8F96-11DC1C596FCC} = {711538EC-E13D-3637-8F96-11DC1C596FCC}
		{F00D3967-229D-35D4-9EDF-5DBAB3A0E21B} = {F00D3967-229D-35D4-9EDF-5DBAB3A0E21B}
	EndProjectSection
EndProject
Project("{8BC9CEB8-8B4A-11D0-8D11-00A0C91BC942}") = "RUN_TESTS", "RUN_TESTS.vcxproj", "{19E105D6-D7D0-370D-A8CC-91CCCBED86E8}"
	ProjectSection(ProjectDependencies) = postProject
		{F00D3967-229D-35D4-9EDF-5DBAB3A0E21B} = {F00D3967-229D-35D4-9EDF-5DBAB3A0E21B}
	EndProjectSection
EndProject
Project("{8BC9CEB8-8B4A-11D0-8D11-00A0C91BC942}") = "ZERO_CHECK", "..\..\..\..\\ZERO_CHECK.vcxproj", "{F00D3967-229D-35D4-9EDF-5DBAB3A0E21B}"
	ProjectSection(ProjectDependencies) = postProject
	EndProjectSection
EndProject
Project("{8BC9CEB8-8B4A-11D0-8D11-00A0C91BC942}") = "ippiw", "..\..\..\..\3rdparty\ippiw\ippiw.vcxproj", "{4900857E-B566-3C9B-B427-93931BF2A001}"
	ProjectSection(ProjectDependencies) = postProject
		{F00D3967-229D-35D4-9EDF-5DBAB3A0E21B} = {F00D3967-229D-35D4-9EDF-5DBAB3A0E21B}
	EndProjectSection
EndProject
Project("{8BC9CEB8-8B4A-11D0-8D11-00A0C91BC942}") = "ittnotify", "..\..\..\..\3rdparty\ittnotify\ittnotify.vcxproj", "{896A6615-0755-363D-B78A-03BD7EF52470}"
	ProjectSection(ProjectDependencies) = postProject
		{F00D3967-229D-35D4-9EDF-5DBAB3A0E21B} = {F00D3967-229D-35D4-9EDF-5DBAB3A0E21B}
	EndProjectSection
EndProject
Project("{8BC9CEB8-8B4A-11D0-8D11-00A0C91BC942}") = "libjasper", "..\..\..\..\3rdparty\libjasper\libjasper.vcxproj", "{94E6AC95-2A31-3856-A9C6-299861DDC444}"
	ProjectSection(ProjectDependencies) = postProject
		{F00D3967-229D-35D4-9EDF-5DBAB3A0E21B} = {F00D3967-229D-35D4-9EDF-5DBAB3A0E21B}
	EndProjectSection
EndProject
Project("{8BC9CEB8-8B4A-11D0-8D11-00A0C91BC942}") = "libjpeg-turbo", "..\..\..\..\3rdparty\libjpeg-turbo\libjpeg-turbo.vcxproj", "{0AEB1464-C6AF-374D-8B12-626ADC045B7A}"
	ProjectSection(ProjectDependencies) = postProject
		{F00D3967-229D-35D4-9EDF-5DBAB3A0E21B} = {F00D3967-229D-35D4-9EDF-5DBAB3A0E21B}
	EndProjectSection
EndProject
Project("{8BC9CEB8-8B4A-11D0-8D11-00A0C91BC942}") = "libpng", "..\..\..\..\3rdparty\libpng\libpng.vcxproj", "{7914DAD8-2ED0-3E74-A27A-F94479FED40D}"
	ProjectSection(ProjectDependencies) = postProject
		{F00D3967-229D-35D4-9EDF-5DBAB3A0E21B} = {F00D3967-229D-35D4-9EDF-5DBAB3A0E21B}
		{A30F47BC-A4E4-361C-A1D0-D3D69B5AF753} = {A30F47BC-A4E4-361C-A1D0-D3D69B5AF753}
	EndProjectSection
EndProject
Project("{8BC9CEB8-8B4A-11D0-8D11-00A0C91BC942}") = "libprotobuf", "..\..\..\..\3rdparty\protobuf\libprotobuf.vcxproj", "{E0555C15-3A53-3C7C-B561-F90D76C879C7}"
	ProjectSection(ProjectDependencies) = postProject
		{F00D3967-229D-35D4-9EDF-5DBAB3A0E21B} = {F00D3967-229D-35D4-9EDF-5DBAB3A0E21B}
	EndProjectSection
EndProject
Project("{8BC9CEB8-8B4A-11D0-8D11-00A0C91BC942}") = "libtiff", "..\..\..\..\3rdparty\libtiff\libtiff.vcxproj", "{B1F9573B-EC3C-38B2-8215-BE12AB5A174D}"
	ProjectSection(ProjectDependencies) = postProject
		{F00D3967-229D-35D4-9EDF-5DBAB3A0E21B} = {F00D3967-229D-35D4-9EDF-5DBAB3A0E21B}
		{A30F47BC-A4E4-361C-A1D0-D3D69B5AF753} = {A30F47BC-A4E4-361C-A1D0-D3D69B5AF753}
	EndProjectSection
EndProject
Project("{8BC9CEB8-8B4A-11D0-8D11-00A0C91BC942}") = "libwebp", "..\..\..\..\3rdparty\libwebp\libwebp.vcxproj", "{CE77CCF6-3FF5-313B-A68A-E39C491FCC88}"
	ProjectSection(ProjectDependencies) = postProject
		{F00D3967-229D-35D4-9EDF-5DBAB3A0E21B} = {F00D3967-229D-35D4-9EDF-5DBAB3A0E21B}
	EndProjectSection
EndProject
Project("{8BC9CEB8-8B4A-11D0-8D11-00A0C91BC942}") = "opencv_waldboost_detector", "opencv_waldboost_detector.vcxproj", "{5E31D228-B05F-334F-95ED-B3CBA6FA03D6}"
	ProjectSection(ProjectDependencies) = postProject
		{F00D3967-229D-35D4-9EDF-5DBAB3A0E21B} = {F00D3967-229D-35D4-9EDF-5DBAB3A0E21B}
		{62DFE570-660F-32D8-8BE9-C0B1397C0BA8} = {62DFE570-660F-32D8-8BE9-C0B1397C0BA8}
	EndProjectSection
EndProject
Project("{8BC9CEB8-8B4A-11D0-8D11-00A0C91BC942}") = "opencv_world", "..\..\\opencv_world.vcxproj", "{62DFE570-660F-32D8-8BE9-C0B1397C0BA8}"
	ProjectSection(ProjectDependencies) = postProject
		{24FCE2EB-B22D-39BF-9B16-F41AEB9333F0} = {24FCE2EB-B22D-39BF-9B16-F41AEB9333F0}
		{F00D3967-229D-35D4-9EDF-5DBAB3A0E21B} = {F00D3967-229D-35D4-9EDF-5DBAB3A0E21B}
		{4900857E-B566-3C9B-B427-93931BF2A001} = {4900857E-B566-3C9B-B427-93931BF2A001}
		{896A6615-0755-363D-B78A-03BD7EF52470} = {896A6615-0755-363D-B78A-03BD7EF52470}
		{94E6AC95-2A31-3856-A9C6-299861DDC444} = {94E6AC95-2A31-3856-A9C6-299861DDC444}
		{0AEB1464-C6AF-374D-8B12-626ADC045B7A} = {0AEB1464-C6AF-374D-8B12-626ADC045B7A}
		{7914DAD8-2ED0-3E74-A27A-F94479FED40D} = {7914DAD8-2ED0-3E74-A27A-F94479FED40D}
		{E0555C15-3A53-3C7C-B561-F90D76C879C7} = {E0555C15-3A53-3C7C-B561-F90D76C879C7}
		{B1F9573B-EC3C-38B2-8215-BE12AB5A174D} = {B1F9573B-EC3C-38B2-8215-BE12AB5A174D}
		{CE77CCF6-3FF5-313B-A68A-E39C491FCC88} = {CE77CCF6-3FF5-313B-A68A-E39C491FCC88}
		{AA66DA70-FD94-3FAE-9DD0-D2CB27375ED9} = {AA66DA70-FD94-3FAE-9DD0-D2CB27375ED9}
		{ABA938DE-C239-3CFC-BE53-C62A006F8C49} = {ABA938DE-C239-3CFC-BE53-C62A006F8C49}
		{FECB418B-D490-32AF-9469-06A620F163E9} = {FECB418B-D490-32AF-9469-06A620F163E9}
		{4C20DCE2-CBE5-37E8-86DE-C61CC11FFA45} = {4C20DCE2-CBE5-37E8-86DE-C61CC11FFA45}
		{B7178944-A861-34E7-9809-1E946F22FD88} = {B7178944-A861-34E7-9809-1E946F22FD88}
		{A280576D-7A98-3133-84AE-EF0BD8EAB69F} = {A280576D-7A98-3133-84AE-EF0BD8EAB69F}
		{A30F47BC-A4E4-361C-A1D0-D3D69B5AF753} = {A30F47BC-A4E4-361C-A1D0-D3D69B5AF753}
	EndProjectSection
EndProject
Project("{8BC9CEB8-8B4A-11D0-8D11-00A0C91BC942}") = "opencv_world_AVX", "..\..\\opencv_world_AVX.vcxproj", "{AA66DA70-FD94-3FAE-9DD0-D2CB27375ED9}"
	ProjectSection(ProjectDependencies) = postProject
		{F00D3967-229D-35D4-9EDF-5DBAB3A0E21B} = {F00D3967-229D-35D4-9EDF-5DBAB3A0E21B}
	EndProjectSection
EndProject
Project("{8BC9CEB8-8B4A-11D0-8D11-00A0C91BC942}") = "opencv_world_AVX2", "..\..\\opencv_world_AVX2.vcxproj", "{ABA938DE-C239-3CFC-BE53-C62A006F8C49}"
	ProjectSection(ProjectDependencies) = postProject
		{F00D3967-229D-35D4-9EDF-5DBAB3A0E21B} = {F00D3967-229D-35D4-9EDF-5DBAB3A0E21B}
	EndProjectSection
EndProject
Project("{8BC9CEB8-8B4A-11D0-8D11-00A0C91BC942}") = "opencv_world_AVX512_SKX", "..\..\\opencv_world_AVX512_SKX.vcxproj", "{FECB418B-D490-32AF-9469-06A620F163E9}"
	ProjectSection(ProjectDependencies) = postProject
		{F00D3967-229D-35D4-9EDF-5DBAB3A0E21B} = {F00D3967-229D-35D4-9EDF-5DBAB3A0E21B}
	EndProjectSection
EndProject
Project("{8BC9CEB8-8B4A-11D0-8D11-00A0C91BC942}") = "opencv_world_SSE4_1", "..\..\\opencv_world_SSE4_1.vcxproj", "{4C20DCE2-CBE5-37E8-86DE-C61CC11FFA45}"
	ProjectSection(ProjectDependencies) = postProject
		{F00D3967-229D-35D4-9EDF-5DBAB3A0E21B} = {F00D3967-229D-35D4-9EDF-5DBAB3A0E21B}
	EndProjectSection
EndProject
Project("{8BC9CEB8-8B4A-11D0-8D11-00A0C91BC942}") = "opencv_world_SSE4_2", "..\..\\opencv_world_SSE4_2.vcxproj", "{B7178944-A861-34E7-9809-1E946F22FD88}"
	ProjectSection(ProjectDependencies) = postProject
		{F00D3967-229D-35D4-9EDF-5DBAB3A0E21B} = {F00D3967-229D-35D4-9EDF-5DBAB3A0E21B}
	EndProjectSection
EndProject
Project("{8BC9CEB8-8B4A-11D0-8D11-00A0C91BC942}") = "quirc", "..\..\..\..\3rdparty\quirc\quirc.vcxproj", "{A280576D-7A98-3133-84AE-EF0BD8EAB69F}"
	ProjectSection(ProjectDependencies) = postProject
		{F00D3967-229D-35D4-9EDF-5DBAB3A0E21B} = {F00D3967-229D-35D4-9EDF-5DBAB3A0E21B}
	EndProjectSection
EndProject
Project("{8BC9CEB8-8B4A-11D0-8D11-00A0C91BC942}") = "zlib", "..\..\..\..\3rdparty\zlib\zlib.vcxproj", "{A30F47BC-A4E4-361C-A1D0-D3D69B5AF753}"
	ProjectSection(ProjectDependencies) = postProject
		{F00D3967-229D-35D4-9EDF-5DBAB3A0E21B} = {F00D3967-229D-35D4-9EDF-5DBAB3A0E21B}
	EndProjectSection
EndProject
Global
	GlobalSection(SolutionConfigurationPlatforms) = preSolution
		Debug|x64 = Debug|x64
		Release|x64 = Release|x64
		RelWithDebInfo|x64 = RelWithDebInfo|x64
	EndGlobalSection
	GlobalSection(ProjectConfigurationPlatforms) = postSolution
		{711538EC-E13D-3637-8F96-11DC1C596FCC}.Debug|x64.ActiveCfg = Debug|x64
		{711538EC-E13D-3637-8F96-11DC1C596FCC}.Debug|x64.Build.0 = Debug|x64
		{711538EC-E13D-3637-8F96-11DC1C596FCC}.Release|x64.ActiveCfg = Release|x64
		{711538EC-E13D-3637-8F96-11DC1C596FCC}.Release|x64.Build.0 = Release|x64
		{711538EC-E13D-3637-8F96-11DC1C596FCC}.RelWithDebInfo|x64.ActiveCfg = RelWithDebInfo|x64
		{711538EC-E13D-3637-8F96-11DC1C596FCC}.RelWithDebInfo|x64.Build.0 = RelWithDebInfo|x64
		{EB5B11F6-4863-3329-9A24-EC1F74489E67}.Debug|x64.ActiveCfg = Debug|x64
		{EB5B11F6-4863-3329-9A24-EC1F74489E67}.Release|x64.ActiveCfg = Release|x64
		{EB5B11F6-4863-3329-9A24-EC1F74489E67}.RelWithDebInfo|x64.ActiveCfg = RelWithDebInfo|x64
		{24FCE2EB-B22D-39BF-9B16-F41AEB9333F0}.Debug|x64.ActiveCfg = Debug|x64
		{24FCE2EB-B22D-39BF-9B16-F41AEB9333F0}.Debug|x64.Build.0 = Debug|x64
		{24FCE2EB-B22D-39BF-9B16-F41AEB9333F0}.Release|x64.ActiveCfg = Release|x64
		{24FCE2EB-B22D-39BF-9B16-F41AEB9333F0}.Release|x64.Build.0 = Release|x64
		{24FCE2EB-B22D-39BF-9B16-F41AEB9333F0}.RelWithDebInfo|x64.ActiveCfg = RelWithDebInfo|x64
		{24FCE2EB-B22D-39BF-9B16-F41AEB9333F0}.RelWithDebInfo|x64.Build.0 = RelWithDebInfo|x64
		{E1A5C9DB-2BDE-3867-A910-B7B0657CAF25}.Debug|x64.ActiveCfg = Debug|x64
		{E1A5C9DB-2BDE-3867-A910-B7B0657CAF25}.Release|x64.ActiveCfg = Release|x64
		{E1A5C9DB-2BDE-3867-A910-B7B0657CAF25}.RelWithDebInfo|x64.ActiveCfg = RelWithDebInfo|x64
		{19E105D6-D7D0-370D-A8CC-91CCCBED86E8}.Debug|x64.ActiveCfg = Debug|x64
		{19E105D6-D7D0-370D-A8CC-91CCCBED86E8}.Release|x64.ActiveCfg = Release|x64
		{19E105D6-D7D0-370D-A8CC-91CCCBED86E8}.RelWithDebInfo|x64.ActiveCfg = RelWithDebInfo|x64
		{F00D3967-229D-35D4-9EDF-5DBAB3A0E21B}.Debug|x64.ActiveCfg = Debug|x64
		{F00D3967-229D-35D4-9EDF-5DBAB3A0E21B}.Debug|x64.Build.0 = Debug|x64
		{F00D3967-229D-35D4-9EDF-5DBAB3A0E21B}.Release|x64.ActiveCfg = Release|x64
		{F00D3967-229D-35D4-9EDF-5DBAB3A0E21B}.Release|x64.Build.0 = Release|x64
		{F00D3967-229D-35D4-9EDF-5DBAB3A0E21B}.RelWithDebInfo|x64.ActiveCfg = RelWithDebInfo|x64
		{F00D3967-229D-35D4-9EDF-5DBAB3A0E21B}.RelWithDebInfo|x64.Build.0 = RelWithDebInfo|x64
		{4900857E-B566-3C9B-B427-93931BF2A001}.Debug|x64.ActiveCfg = Debug|x64
		{4900857E-B566-3C9B-B427-93931BF2A001}.Debug|x64.Build.0 = Debug|x64
		{4900857E-B566-3C9B-B427-93931BF2A001}.Release|x64.ActiveCfg = Release|x64
		{4900857E-B566-3C9B-B427-93931BF2A001}.Release|x64.Build.0 = Release|x64
		{4900857E-B566-3C9B-B427-93931BF2A001}.RelWithDebInfo|x64.ActiveCfg = RelWithDebInfo|x64
		{4900857E-B566-3C9B-B427-93931BF2A001}.RelWithDebInfo|x64.Build.0 = RelWithDebInfo|x64
		{896A6615-0755-363D-B78A-03BD7EF52470}.Debug|x64.ActiveCfg = Debug|x64
		{896A6615-0755-363D-B78A-03BD7EF52470}.Debug|x64.Build.0 = Debug|x64
		{896A6615-0755-363D-B78A-03BD7EF52470}.Release|x64.ActiveCfg = Release|x64
		{896A6615-0755-363D-B78A-03BD7EF52470}.Release|x64.Build.0 = Release|x64
		{896A6615-0755-363D-B78A-03BD7EF52470}.RelWithDebInfo|x64.ActiveCfg = RelWithDebInfo|x64
		{896A6615-0755-363D-B78A-03BD7EF52470}.RelWithDebInfo|x64.Build.0 = RelWithDebInfo|x64
		{94E6AC95-2A31-3856-A9C6-299861DDC444}.Debug|x64.ActiveCfg = Debug|x64
		{94E6AC95-2A31-3856-A9C6-299861DDC444}.Debug|x64.Build.0 = Debug|x64
		{94E6AC95-2A31-3856-A9C6-299861DDC444}.Release|x64.ActiveCfg = Release|x64
		{94E6AC95-2A31-3856-A9C6-299861DDC444}.Release|x64.Build.0 = Release|x64
		{94E6AC95-2A31-3856-A9C6-299861DDC444}.RelWithDebInfo|x64.ActiveCfg = RelWithDebInfo|x64
		{94E6AC95-2A31-3856-A9C6-299861DDC444}.RelWithDebInfo|x64.Build.0 = RelWithDebInfo|x64
		{0AEB1464-C6AF-374D-8B12-626ADC045B7A}.Debug|x64.ActiveCfg = Debug|x64
		{0AEB1464-C6AF-374D-8B12-626ADC045B7A}.Debug|x64.Build.0 = Debug|x64
		{0AEB1464-C6AF-374D-8B12-626ADC045B7A}.Release|x64.ActiveCfg = Release|x64
		{0AEB1464-C6AF-374D-8B12-626ADC045B7A}.Release|x64.Build.0 = Release|x64
		{0AEB1464-C6AF-374D-8B12-626ADC045B7A}.RelWithDebInfo|x64.ActiveCfg = RelWithDebInfo|x64
		{0AEB1464-C6AF-374D-8B12-626ADC045B7A}.RelWithDebInfo|x64.Build.0 = RelWithDebInfo|x64
		{7914DAD8-2ED0-3E74-A27A-F94479FED40D}.Debug|x64.ActiveCfg = Debug|x64
		{7914DAD8-2ED0-3E74-A27A-F94479FED40D}.Debug|x64.Build.0 = Debug|x64
		{7914DAD8-2ED0-3E74-A27A-F94479FED40D}.Release|x64.ActiveCfg = Release|x64
		{7914DAD8-2ED0-3E74-A27A-F94479FED40D}.Release|x64.Build.0 = Release|x64
		{7914DAD8-2ED0-3E74-A27A-F94479FED40D}.RelWithDebInfo|x64.ActiveCfg = RelWithDebInfo|x64
		{7914DAD8-2ED0-3E74-A27A-F94479FED40D}.RelWithDebInfo|x64.Build.0 = RelWithDebInfo|x64
		{E0555C15-3A53-3C7C-B561-F90D76C879C7}.Debug|x64.ActiveCfg = Debug|x64
		{E0555C15-3A53-3C7C-B561-F90D76C879C7}.Debug|x64.Build.0 = Debug|x64
		{E0555C15-3A53-3C7C-B561-F90D76C879C7}.Release|x64.ActiveCfg = Release|x64
		{E0555C15-3A53-3C7C-B561-F90D76C879C7}.Release|x64.Build.0 = Release|x64
		{E0555C15-3A53-3C7C-B561-F90D76C879C7}.RelWithDebInfo|x64.ActiveCfg = RelWithDebInfo|x64
		{E0555C15-3A53-3C7C-B561-F90D76C879C7}.RelWithDebInfo|x64.Build.0 = RelWithDebInfo|x64
		{B1F9573B-EC3C-38B2-8215-BE12AB5A174D}.Debug|x64.ActiveCfg = Debug|x64
		{B1F9573B-EC3C-38B2-8215-BE12AB5A174D}.Debug|x64.Build.0 = Debug|x64
		{B1F9573B-EC3C-38B2-8215-BE12AB5A174D}.Release|x64.ActiveCfg = Release|x64
		{B1F9573B-EC3C-38B2-8215-BE12AB5A174D}.Release|x64.Build.0 = Release|x64
		{B1F9573B-EC3C-38B2-8215-BE12AB5A174D}.RelWithDebInfo|x64.ActiveCfg = RelWithDebInfo|x64
		{B1F9573B-EC3C-38B2-8215-BE12AB5A174D}.RelWithDebInfo|x64.Build.0 = RelWithDebInfo|x64
		{CE77CCF6-3FF5-313B-A68A-E39C491FCC88}.Debug|x64.ActiveCfg = Debug|x64
		{CE77CCF6-3FF5-313B-A68A-E39C491FCC88}.Debug|x64.Build.0 = Debug|x64
		{CE77CCF6-3FF5-313B-A68A-E39C491FCC88}.Release|x64.ActiveCfg = Release|x64
		{CE77CCF6-3FF5-313B-A68A-E39C491FCC88}.Release|x64.Build.0 = Release|x64
		{CE77CCF6-3FF5-313B-A68A-E39C491FCC88}.RelWithDebInfo|x64.ActiveCfg = RelWithDebInfo|x64
		{CE77CCF6-3FF5-313B-A68A-E39C491FCC88}.RelWithDebInfo|x64.Build.0 = RelWithDebInfo|x64
		{5E31D228-B05F-334F-95ED-B3CBA6FA03D6}.Debug|x64.ActiveCfg = Debug|x64
		{5E31D228-B05F-334F-95ED-B3CBA6FA03D6}.Debug|x64.Build.0 = Debug|x64
		{5E31D228-B05F-334F-95ED-B3CBA6FA03D6}.Release|x64.ActiveCfg = Release|x64
		{5E31D228-B05F-334F-95ED-B3CBA6FA03D6}.Release|x64.Build.0 = Release|x64
		{5E31D228-B05F-334F-95ED-B3CBA6FA03D6}.RelWithDebInfo|x64.ActiveCfg = RelWithDebInfo|x64
		{5E31D228-B05F-334F-95ED-B3CBA6FA03D6}.RelWithDebInfo|x64.Build.0 = RelWithDebInfo|x64
		{62DFE570-660F-32D8-8BE9-C0B1397C0BA8}.Debug|x64.ActiveCfg = Debug|x64
		{62DFE570-660F-32D8-8BE9-C0B1397C0BA8}.Debug|x64.Build.0 = Debug|x64
		{62DFE570-660F-32D8-8BE9-C0B1397C0BA8}.Release|x64.ActiveCfg = Release|x64
		{62DFE570-660F-32D8-8BE9-C0B1397C0BA8}.Release|x64.Build.0 = Release|x64
		{62DFE570-660F-32D8-8BE9-C0B1397C0BA8}.RelWithDebInfo|x64.ActiveCfg = RelWithDebInfo|x64
		{62DFE570-660F-32D8-8BE9-C0B1397C0BA8}.RelWithDebInfo|x64.Build.0 = RelWithDebInfo|x64
		{AA66DA70-FD94-3FAE-9DD0-D2CB27375ED9}.Debug|x64.ActiveCfg = Debug|x64
		{AA66DA70-FD94-3FAE-9DD0-D2CB27375ED9}.Debug|x64.Build.0 = Debug|x64
		{AA66DA70-FD94-3FAE-9DD0-D2CB27375ED9}.Release|x64.ActiveCfg = Release|x64
		{AA66DA70-FD94-3FAE-9DD0-D2CB27375ED9}.Release|x64.Build.0 = Release|x64
		{AA66DA70-FD94-3FAE-9DD0-D2CB27375ED9}.RelWithDebInfo|x64.ActiveCfg = RelWithDebInfo|x64
		{AA66DA70-FD94-3FAE-9DD0-D2CB27375ED9}.RelWithDebInfo|x64.Build.0 = RelWithDebInfo|x64
		{ABA938DE-C239-3CFC-BE53-C62A006F8C49}.Debug|x64.ActiveCfg = Debug|x64
		{ABA938DE-C239-3CFC-BE53-C62A006F8C49}.Debug|x64.Build.0 = Debug|x64
		{ABA938DE-C239-3CFC-BE53-C62A006F8C49}.Release|x64.ActiveCfg = Release|x64
		{ABA938DE-C239-3CFC-BE53-C62A006F8C49}.Release|x64.Build.0 = Release|x64
		{ABA938DE-C239-3CFC-BE53-C62A006F8C49}.RelWithDebInfo|x64.ActiveCfg = RelWithDebInfo|x64
		{ABA938DE-C239-3CFC-BE53-C62A006F8C49}.RelWithDebInfo|x64.Build.0 = RelWithDebInfo|x64
		{FECB418B-D490-32AF-9469-06A620F163E9}.Debug|x64.ActiveCfg = Debug|x64
		{FECB418B-D490-32AF-9469-06A620F163E9}.Debug|x64.Build.0 = Debug|x64
		{FECB418B-D490-32AF-9469-06A620F163E9}.Release|x64.ActiveCfg = Release|x64
		{FECB418B-D490-32AF-9469-06A620F163E9}.Release|x64.Build.0 = Release|x64
		{FECB418B-D490-32AF-9469-06A620F163E9}.RelWithDebInfo|x64.ActiveCfg = RelWithDebInfo|x64
		{FECB418B-D490-32AF-9469-06A620F163E9}.RelWithDebInfo|x64.Build.0 = RelWithDebInfo|x64
		{4C20DCE2-CBE5-37E8-86DE-C61CC11FFA45}.Debug|x64.ActiveCfg = Debug|x64
		{4C20DCE2-CBE5-37E8-86DE-C61CC11FFA45}.Debug|x64.Build.0 = Debug|x64
		{4C20DCE2-CBE5-37E8-86DE-C61CC11FFA45}.Release|x64.ActiveCfg = Release|x64
		{4C20DCE2-CBE5-37E8-86DE-C61CC11FFA45}.Release|x64.Build.0 = Release|x64
		{4C20DCE2-CBE5-37E8-86DE-C61CC11FFA45}.RelWithDebInfo|x64.ActiveCfg = RelWithDebInfo|x64
		{4C20DCE2-CBE5-37E8-86DE-C61CC11FFA45}.RelWithDebInfo|x64.Build.0 = RelWithDebInfo|x64
		{B7178944-A861-34E7-9809-1E946F22FD88}.Debug|x64.ActiveCfg = Debug|x64
		{B7178944-A861-34E7-9809-1E946F22FD88}.Debug|x64.Build.0 = Debug|x64
		{B7178944-A861-34E7-9809-1E946F22FD88}.Release|x64.ActiveCfg = Release|x64
		{B7178944-A861-34E7-9809-1E946F22FD88}.Release|x64.Build.0 = Release|x64
		{B7178944-A861-34E7-9809-1E946F22FD88}.RelWithDebInfo|x64.ActiveCfg = RelWithDebInfo|x64
		{B7178944-A861-34E7-9809-1E946F22FD88}.RelWithDebInfo|x64.Build.0 = RelWithDebInfo|x64
		{A280576D-7A98-3133-84AE-EF0BD8EAB69F}.Debug|x64.ActiveCfg = Debug|x64
		{A280576D-7A98-3133-84AE-EF0BD8EAB69F}.Debug|x64.Build.0 = Debug|x64
		{A280576D-7A98-3133-84AE-EF0BD8EAB69F}.Release|x64.ActiveCfg = Release|x64
		{A280576D-7A98-3133-84AE-EF0BD8EAB69F}.Release|x64.Build.0 = Release|x64
		{A280576D-7A98-3133-84AE-EF0BD8EAB69F}.RelWithDebInfo|x64.ActiveCfg = RelWithDebInfo|x64
		{A280576D-7A98-3133-84AE-EF0BD8EAB69F}.RelWithDebInfo|x64.Build.0 = RelWithDebInfo|x64
		{A30F47BC-A4E4-361C-A1D0-D3D69B5AF753}.Debug|x64.ActiveCfg = Debug|x64
		{A30F47BC-A4E4-361C-A1D0-D3D69B5AF753}.Debug|x64.Build.0 = Debug|x64
		{A30F47BC-A4E4-361C-A1D0-D3D69B5AF753}.Release|x64.ActiveCfg = Release|x64
		{A30F47BC-A4E4-361C-A1D0-D3D69B5AF753}.Release|x64.Build.0 = Release|x64
		{A30F47BC-A4E4-361C-A1D0-D3D69B5AF753}.RelWithDebInfo|x64.ActiveCfg = RelWithDebInfo|x64
		{A30F47BC-A4E4-361C-A1D0-D3D69B5AF753}.RelWithDebInfo|x64.Build.0 = RelWithDebInfo|x64
	EndGlobalSection
	GlobalSection(NestedProjects) = preSolution
		{24FCE2EB-B22D-39BF-9B16-F41AEB9333F0} = {5A61AFA6-75ED-367D-AF85-13FF12F8E44D}
		{4900857E-B566-3C9B-B427-93931BF2A001} = {5A61AFA6-75ED-367D-AF85-13FF12F8E44D}
		{896A6615-0755-363D-B78A-03BD7EF52470} = {5A61AFA6-75ED-367D-AF85-13FF12F8E44D}
		{94E6AC95-2A31-3856-A9C6-299861DDC444} = {5A61AFA6-75ED-367D-AF85-13FF12F8E44D}
		{0AEB1464-C6AF-374D-8B12-626ADC045B7A} = {5A61AFA6-75ED-367D-AF85-13FF12F8E44D}
		{7914DAD8-2ED0-3E74-A27A-F94479FED40D} = {5A61AFA6-75ED-367D-AF85-13FF12F8E44D}
		{E0555C15-3A53-3C7C-B561-F90D76C879C7} = {5A61AFA6-75ED-367D-AF85-13FF12F8E44D}
		{B1F9573B-EC3C-38B2-8215-BE12AB5A174D} = {5A61AFA6-75ED-367D-AF85-13FF12F8E44D}
		{CE77CCF6-3FF5-313B-A68A-E39C491FCC88} = {5A61AFA6-75ED-367D-AF85-13FF12F8E44D}
		{A280576D-7A98-3133-84AE-EF0BD8EAB69F} = {5A61AFA6-75ED-367D-AF85-13FF12F8E44D}
		{A30F47BC-A4E4-361C-A1D0-D3D69B5AF753} = {5A61AFA6-75ED-367D-AF85-13FF12F8E44D}
		{711538EC-E13D-3637-8F96-11DC1C596FCC} = {0DCB329E-E4B3-3F79-B9FA-5C82541F51A3}
		{EB5B11F6-4863-3329-9A24-EC1F74489E67} = {0DCB329E-E4B3-3F79-B9FA-5C82541F51A3}
		{E1A5C9DB-2BDE-3867-A910-B7B0657CAF25} = {0DCB329E-E4B3-3F79-B9FA-5C82541F51A3}
		{19E105D6-D7D0-370D-A8CC-91CCCBED86E8} = {0DCB329E-E4B3-3F79-B9FA-5C82541F51A3}
		{F00D3967-229D-35D4-9EDF-5DBAB3A0E21B} = {0DCB329E-E4B3-3F79-B9FA-5C82541F51A3}
		{5E31D228-B05F-334F-95ED-B3CBA6FA03D6} = {DA17418F-91C5-39B3-A69B-1925F3E3ED44}
		{AA66DA70-FD94-3FAE-9DD0-D2CB27375ED9} = {B4A6BF2A-BE0D-3AE3-AC3D-31D3CE489283}
		{ABA938DE-C239-3CFC-BE53-C62A006F8C49} = {B4A6BF2A-BE0D-3AE3-AC3D-31D3CE489283}
		{FECB418B-D490-32AF-9469-06A620F163E9} = {B4A6BF2A-BE0D-3AE3-AC3D-31D3CE489283}
		{4C20DCE2-CBE5-37E8-86DE-C61CC11FFA45} = {B4A6BF2A-BE0D-3AE3-AC3D-31D3CE489283}
		{B7178944-A861-34E7-9809-1E946F22FD88} = {B4A6BF2A-BE0D-3AE3-AC3D-31D3CE489283}
		{62DFE570-660F-32D8-8BE9-C0B1397C0BA8} = {5062CF25-65F4-30D9-A005-D48595EE82A3}
	EndGlobalSection
	GlobalSection(ExtensibilityGlobals) = postSolution
		SolutionGuid = {C667736B-57B8-36E4-9B84-2AA666E39241}
	EndGlobalSection
	GlobalSection(ExtensibilityAddIns) = postSolution
	EndGlobalSection
EndGlobal
