<?xml version="1.0" encoding="utf-8"?>
<Project ToolsVersion="15.0" xmlns="http://schemas.microsoft.com/developer/msbuild/2003">
  <ItemGroup>
    <ClCompile Include="C:\Source\opencv\opencv_contrib-4.1.1\modules\structured_light\test\test_faps.cpp">
      <Filter>opencv_structured_light\Src</Filter>
    </ClCompile>
    <ClCompile Include="C:\Source\opencv\opencv_contrib-4.1.1\modules\structured_light\test\test_getProjPixel.cpp">
      <Filter>opencv_structured_light\Src</Filter>
    </ClCompile>
    <ClCompile Include="C:\Source\opencv\opencv_contrib-4.1.1\modules\structured_light\test\test_main.cpp">
      <Filter>opencv_structured_light\Src</Filter>
    </ClCompile>
    <ClCompile Include="C:\Source\opencv\opencv_contrib-4.1.1\modules\structured_light\test\test_plane.cpp">
      <Filter>opencv_structured_light\Src</Filter>
    </ClCompile>
  </ItemGroup>
  <ItemGroup>
    <ClInclude Include="C:\Source\opencv\opencv_contrib-4.1.1\modules\structured_light\test\test_precomp.hpp">
      <Filter>opencv_structured_light\Include</Filter>
    </ClInclude>
  </ItemGroup>
  <ItemGroup>
    <CustomBuild Include="C:\Source\opencv_cuda4dnn\modules\world\CMakeLists.txt" />
  </ItemGroup>
  <ItemGroup>
    <Filter Include="opencv_structured_light">
      <UniqueIdentifier>{0AEA227D-4D06-35D0-BE84-2B9AEFC884B6}</UniqueIdentifier>
    </Filter>
    <Filter Include="opencv_structured_light\Include">
      <UniqueIdentifier>{FC0A79FE-D51F-3766-A537-D5541D320EA6}</UniqueIdentifier>
    </Filter>
    <Filter Include="opencv_structured_light\Src">
      <UniqueIdentifier>{C4FD8CAC-8AF3-3D11-9450-96DEA4ACAA7B}</UniqueIdentifier>
    </Filter>
  </ItemGroup>
</Project>
