<?xml version="1.0" encoding="utf-8"?>
<Project ToolsVersion="15.0" xmlns="http://schemas.microsoft.com/developer/msbuild/2003">
  <ItemGroup>
    <ClCompile Include="C:\Source\opencv\opencv_contrib-4.1.1\modules\superres\test\test_main.cpp">
      <Filter>opencv_superres\Src</Filter>
    </ClCompile>
    <ClCompile Include="C:\Source\opencv\opencv_contrib-4.1.1\modules\superres\test\test_superres.cpp">
      <Filter>opencv_superres\Src</Filter>
    </ClCompile>
  </ItemGroup>
  <ItemGroup>
    <ClInclude Include="C:\Source\opencv\opencv_contrib-4.1.1\modules\superres\test\test_precomp.hpp">
      <Filter>opencv_superres\Include</Filter>
    </ClInclude>
  </ItemGroup>
  <ItemGroup>
    <CustomBuild Include="C:\Source\opencv_cuda4dnn\modules\world\CMakeLists.txt" />
  </ItemGroup>
  <ItemGroup>
    <Filter Include="opencv_superres">
      <UniqueIdentifier>{B38959B5-B39E-355A-8704-C6AE9ACDFF5B}</UniqueIdentifier>
    </Filter>
    <Filter Include="opencv_superres\Include">
      <UniqueIdentifier>{B7A70119-CC95-3590-9EC2-30667CF7F91C}</UniqueIdentifier>
    </Filter>
    <Filter Include="opencv_superres\Src">
      <UniqueIdentifier>{FEC6E313-1872-380F-B05C-D256CF5CBA87}</UniqueIdentifier>
    </Filter>
  </ItemGroup>
</Project>
