<?xml version="1.0" encoding="utf-8"?>
<Project ToolsVersion="15.0" xmlns="http://schemas.microsoft.com/developer/msbuild/2003">
  <ItemGroup>
    <ClCompile Include="C:\Source\opencv\opencv_contrib-4.1.1\modules\face\test\test_bif.cpp">
      <Filter>opencv_face\Src</Filter>
    </ClCompile>
    <ClCompile Include="C:\Source\opencv\opencv_contrib-4.1.1\modules\face\test\test_face_align.cpp">
      <Filter>opencv_face\Src</Filter>
    </ClCompile>
    <ClCompile Include="C:\Source\opencv\opencv_contrib-4.1.1\modules\face\test\test_facemark.cpp">
      <Filter>opencv_face\Src</Filter>
    </ClCompile>
    <ClCompile Include="C:\Source\opencv\opencv_contrib-4.1.1\modules\face\test\test_facemark_aam.cpp">
      <Filter>opencv_face\Src</Filter>
    </ClCompile>
    <ClCompile Include="C:\Source\opencv\opencv_contrib-4.1.1\modules\face\test\test_facemark_lbf.cpp">
      <Filter>opencv_face\Src</Filter>
    </ClCompile>
    <ClCompile Include="C:\Source\opencv\opencv_contrib-4.1.1\modules\face\test\test_loadsave.cpp">
      <Filter>opencv_face\Src</Filter>
    </ClCompile>
    <ClCompile Include="C:\Source\opencv\opencv_contrib-4.1.1\modules\face\test\test_mace.cpp">
      <Filter>opencv_face\Src</Filter>
    </ClCompile>
    <ClCompile Include="C:\Source\opencv\opencv_contrib-4.1.1\modules\face\test\test_main.cpp">
      <Filter>opencv_face\Src</Filter>
    </ClCompile>
  </ItemGroup>
  <ItemGroup>
    <ClInclude Include="C:\Source\opencv\opencv_contrib-4.1.1\modules\face\test\test_precomp.hpp">
      <Filter>opencv_face\Include</Filter>
    </ClInclude>
  </ItemGroup>
  <ItemGroup>
    <CustomBuild Include="C:\Source\opencv_cuda4dnn\modules\world\CMakeLists.txt" />
  </ItemGroup>
  <ItemGroup>
    <Filter Include="opencv_face">
      <UniqueIdentifier>{9470F381-E129-3EA2-8D64-EAA62EE3C53C}</UniqueIdentifier>
    </Filter>
    <Filter Include="opencv_face\Include">
      <UniqueIdentifier>{1A8A93CC-762C-34E4-9F3B-1DE0E30EAC89}</UniqueIdentifier>
    </Filter>
    <Filter Include="opencv_face\Src">
      <UniqueIdentifier>{BBB58B45-8253-3DCA-B590-5CECFC9EA5DC}</UniqueIdentifier>
    </Filter>
  </ItemGroup>
</Project>
