<?xml version="1.0" encoding="utf-8"?>
<Project ToolsVersion="15.0" xmlns="http://schemas.microsoft.com/developer/msbuild/2003">
  <ItemGroup>
    <ClCompile Include="C:\Source\opencv\opencv_contrib-4.1.1\modules\fuzzy\test\test_f0.cpp">
      <Filter>opencv_fuzzy\Src</Filter>
    </ClCompile>
    <ClCompile Include="C:\Source\opencv\opencv_contrib-4.1.1\modules\fuzzy\test\test_f1.cpp">
      <Filter>opencv_fuzzy\Src</Filter>
    </ClCompile>
    <ClCompile Include="C:\Source\opencv\opencv_contrib-4.1.1\modules\fuzzy\test\test_image.cpp">
      <Filter>opencv_fuzzy\Src</Filter>
    </ClCompile>
    <ClCompile Include="C:\Source\opencv\opencv_contrib-4.1.1\modules\fuzzy\test\test_main.cpp">
      <Filter>opencv_fuzzy\Src</Filter>
    </ClCompile>
  </ItemGroup>
  <ItemGroup>
    <ClInclude Include="C:\Source\opencv\opencv_contrib-4.1.1\modules\fuzzy\test\test_precomp.hpp">
      <Filter>opencv_fuzzy\Include</Filter>
    </ClInclude>
  </ItemGroup>
  <ItemGroup>
    <CustomBuild Include="C:\Source\opencv_cuda4dnn\modules\world\CMakeLists.txt" />
  </ItemGroup>
  <ItemGroup>
    <Filter Include="opencv_fuzzy">
      <UniqueIdentifier>{30E800F8-4490-3821-8C7F-ADFE9FFA2835}</UniqueIdentifier>
    </Filter>
    <Filter Include="opencv_fuzzy\Include">
      <UniqueIdentifier>{ABF17C91-B458-3049-85AE-7FE85856B2B5}</UniqueIdentifier>
    </Filter>
    <Filter Include="opencv_fuzzy\Src">
      <UniqueIdentifier>{3210D1CC-FAA8-37CD-8CBC-FC50137CE934}</UniqueIdentifier>
    </Filter>
  </ItemGroup>
</Project>
