<?xml version="1.0" encoding="utf-8"?>
<Project ToolsVersion="15.0" xmlns="http://schemas.microsoft.com/developer/msbuild/2003">
  <ItemGroup>
    <ClCompile Include="C:\Source\opencv\opencv_contrib-4.1.1\modules\aruco\test\test_arucodetection.cpp">
      <Filter>opencv_aruco\Src</Filter>
    </ClCompile>
    <ClCompile Include="C:\Source\opencv\opencv_contrib-4.1.1\modules\aruco\test\test_boarddetection.cpp">
      <Filter>opencv_aruco\Src</Filter>
    </ClCompile>
    <ClCompile Include="C:\Source\opencv\opencv_contrib-4.1.1\modules\aruco\test\test_charucodetection.cpp">
      <Filter>opencv_aruco\Src</Filter>
    </ClCompile>
    <ClCompile Include="C:\Source\opencv\opencv_contrib-4.1.1\modules\aruco\test\test_main.cpp">
      <Filter>opencv_aruco\Src</Filter>
    </ClCompile>
    <ClCompile Include="C:\Source\opencv\opencv_contrib-4.1.1\modules\aruco\test\test_misc.cpp">
      <Filter>opencv_aruco\Src</Filter>
    </ClCompile>
  </ItemGroup>
  <ItemGroup>
    <ClInclude Include="C:\Source\opencv\opencv_contrib-4.1.1\modules\aruco\test\test_precomp.hpp">
      <Filter>opencv_aruco\Include</Filter>
    </ClInclude>
  </ItemGroup>
  <ItemGroup>
    <CustomBuild Include="C:\Source\opencv_cuda4dnn\modules\world\CMakeLists.txt" />
  </ItemGroup>
  <ItemGroup>
    <Filter Include="opencv_aruco">
      <UniqueIdentifier>{690E1C96-DAE9-38C1-A2D2-5E25AF309EAC}</UniqueIdentifier>
    </Filter>
    <Filter Include="opencv_aruco\Include">
      <UniqueIdentifier>{9E12BABC-36B2-36E3-B2A9-912F30ADE667}</UniqueIdentifier>
    </Filter>
    <Filter Include="opencv_aruco\Src">
      <UniqueIdentifier>{39677D17-3E6F-3550-BE14-58B3BD8D451A}</UniqueIdentifier>
    </Filter>
  </ItemGroup>
</Project>
