<?xml version="1.0" encoding="utf-8"?>
<Project ToolsVersion="15.0" xmlns="http://schemas.microsoft.com/developer/msbuild/2003">
  <ItemGroup>
    <ClCompile Include="C:\Source\opencv\opencv_contrib-4.1.1\modules\cudaarithm\perf\perf_arithm.cpp">
      <Filter>opencv_cudaarithm\Src</Filter>
    </ClCompile>
    <ClCompile Include="C:\Source\opencv\opencv_contrib-4.1.1\modules\cudaarithm\perf\perf_core.cpp">
      <Filter>opencv_cudaarithm\Src</Filter>
    </ClCompile>
    <ClCompile Include="C:\Source\opencv\opencv_contrib-4.1.1\modules\cudaarithm\perf\perf_element_operations.cpp">
      <Filter>opencv_cudaarithm\Src</Filter>
    </ClCompile>
    <ClCompile Include="C:\Source\opencv\opencv_contrib-4.1.1\modules\cudaarithm\perf\perf_main.cpp">
      <Filter>opencv_cudaarithm\Src</Filter>
    </ClCompile>
    <ClCompile Include="C:\Source\opencv\opencv_contrib-4.1.1\modules\cudaarithm\perf\perf_reductions.cpp">
      <Filter>opencv_cudaarithm\Src</Filter>
    </ClCompile>
  </ItemGroup>
  <ItemGroup>
    <ClInclude Include="C:\Source\opencv\opencv_contrib-4.1.1\modules\cudaarithm\perf\perf_precomp.hpp">
      <Filter>opencv_cudaarithm\Include</Filter>
    </ClInclude>
  </ItemGroup>
  <ItemGroup>
    <CustomBuild Include="C:\Source\opencv_cuda4dnn\modules\world\CMakeLists.txt" />
  </ItemGroup>
  <ItemGroup>
    <Filter Include="opencv_cudaarithm">
      <UniqueIdentifier>{96B390E3-8A23-3A97-8E85-238FE906B7C9}</UniqueIdentifier>
    </Filter>
    <Filter Include="opencv_cudaarithm\Include">
      <UniqueIdentifier>{0D885347-5AF6-35E1-84AF-9EADB9080F29}</UniqueIdentifier>
    </Filter>
    <Filter Include="opencv_cudaarithm\Src">
      <UniqueIdentifier>{0BE19450-F465-3C7E-8D41-24D818903211}</UniqueIdentifier>
    </Filter>
  </ItemGroup>
</Project>
