<?xml version="1.0" encoding="utf-8"?>
<Project ToolsVersion="15.0" xmlns="http://schemas.microsoft.com/developer/msbuild/2003">
  <ItemGroup>
    <ClCompile Include="C:\Source\opencv\opencv_contrib-4.1.1\modules\text\test\test_detection.cpp">
      <Filter>opencv_text\Src</Filter>
    </ClCompile>
    <ClCompile Include="C:\Source\opencv\opencv_contrib-4.1.1\modules\text\test\test_main.cpp">
      <Filter>opencv_text\Src</Filter>
    </ClCompile>
  </ItemGroup>
  <ItemGroup>
    <ClInclude Include="C:\Source\opencv\opencv_contrib-4.1.1\modules\text\test\test_precomp.hpp">
      <Filter>opencv_text\Include</Filter>
    </ClInclude>
  </ItemGroup>
  <ItemGroup>
    <CustomBuild Include="C:\Source\opencv_cuda4dnn\modules\world\CMakeLists.txt" />
  </ItemGroup>
  <ItemGroup>
    <Filter Include="opencv_text">
      <UniqueIdentifier>{EB7ECE86-C0B0-3089-A479-DD71254E0512}</UniqueIdentifier>
    </Filter>
    <Filter Include="opencv_text\Include">
      <UniqueIdentifier>{5D426BFA-0D97-3DE7-91EA-F65AD83FFB88}</UniqueIdentifier>
    </Filter>
    <Filter Include="opencv_text\Src">
      <UniqueIdentifier>{F717B06D-0198-3D39-ACFB-D0452E14D978}</UniqueIdentifier>
    </Filter>
  </ItemGroup>
</Project>
