<?xml version="1.0" encoding="utf-8"?>
<Project ToolsVersion="15.0" xmlns="http://schemas.microsoft.com/developer/msbuild/2003">
  <ItemGroup>
    <ClCompile Include="C:\Source\opencv\opencv_contrib-4.1.1\modules\cudawarping\perf\perf_main.cpp">
      <Filter>opencv_cudawarping\Src</Filter>
    </ClCompile>
    <ClCompile Include="C:\Source\opencv\opencv_contrib-4.1.1\modules\cudawarping\perf\perf_warping.cpp">
      <Filter>opencv_cudawarping\Src</Filter>
    </ClCompile>
  </ItemGroup>
  <ItemGroup>
    <ClInclude Include="C:\Source\opencv\opencv_contrib-4.1.1\modules\cudawarping\perf\perf_precomp.hpp">
      <Filter>opencv_cudawarping\Include</Filter>
    </ClInclude>
  </ItemGroup>
  <ItemGroup>
    <CustomBuild Include="C:\Source\opencv_cuda4dnn\modules\world\CMakeLists.txt" />
  </ItemGroup>
  <ItemGroup>
    <Filter Include="opencv_cudawarping">
      <UniqueIdentifier>{4F2EBAB6-7374-382F-99DE-9084F3757AA9}</UniqueIdentifier>
    </Filter>
    <Filter Include="opencv_cudawarping\Include">
      <UniqueIdentifier>{D7EFB935-E5D1-3D14-A7DD-83536250FE85}</UniqueIdentifier>
    </Filter>
    <Filter Include="opencv_cudawarping\Src">
      <UniqueIdentifier>{291FB9B1-53A4-3273-98DE-0C27EA34E730}</UniqueIdentifier>
    </Filter>
  </ItemGroup>
</Project>
