<?xml version="1.0" encoding="utf-8"?>
<Project ToolsVersion="15.0" xmlns="http://schemas.microsoft.com/developer/msbuild/2003">
  <ItemGroup>
    <ClCompile Include="C:\Source\opencv\opencv_contrib-4.1.1\modules\phase_unwrapping\test\test_main.cpp">
      <Filter>opencv_phase_unwrapping\Src</Filter>
    </ClCompile>
    <ClCompile Include="C:\Source\opencv\opencv_contrib-4.1.1\modules\phase_unwrapping\test\test_unwrapping.cpp">
      <Filter>opencv_phase_unwrapping\Src</Filter>
    </ClCompile>
  </ItemGroup>
  <ItemGroup>
    <ClInclude Include="C:\Source\opencv\opencv_contrib-4.1.1\modules\phase_unwrapping\test\test_precomp.hpp">
      <Filter>opencv_phase_unwrapping\Include</Filter>
    </ClInclude>
  </ItemGroup>
  <ItemGroup>
    <CustomBuild Include="C:\Source\opencv_cuda4dnn\modules\world\CMakeLists.txt" />
  </ItemGroup>
  <ItemGroup>
    <Filter Include="opencv_phase_unwrapping">
      <UniqueIdentifier>{63B95BB2-62F8-3F13-B6C8-062CA793CD72}</UniqueIdentifier>
    </Filter>
    <Filter Include="opencv_phase_unwrapping\Include">
      <UniqueIdentifier>{63E13A8E-62F6-3528-B6E2-342FBD7DFFE3}</UniqueIdentifier>
    </Filter>
    <Filter Include="opencv_phase_unwrapping\Src">
      <UniqueIdentifier>{7F0A1F40-CA27-370B-B769-D9CD13CA667C}</UniqueIdentifier>
    </Filter>
  </ItemGroup>
</Project>
