<?xml version="1.0" encoding="utf-8"?>
<Project ToolsVersion="15.0" xmlns="http://schemas.microsoft.com/developer/msbuild/2003">
  <ItemGroup>
    <ClCompile Include="C:\Source\opencv_cuda4dnn\modules\videoio\test\test_camera.cpp">
      <Filter>opencv_videoio\Src</Filter>
    </ClCompile>
    <ClCompile Include="C:\Source\opencv_cuda4dnn\modules\videoio\test\test_container_avi.cpp">
      <Filter>opencv_videoio\Src</Filter>
    </ClCompile>
    <ClCompile Include="C:\Source\opencv_cuda4dnn\modules\videoio\test\test_dynamic.cpp">
      <Filter>opencv_videoio\Src</Filter>
    </ClCompile>
    <ClCompile Include="C:\Source\opencv_cuda4dnn\modules\videoio\test\test_ffmpeg.cpp">
      <Filter>opencv_videoio\Src</Filter>
    </ClCompile>
    <ClCompile Include="C:\Source\opencv_cuda4dnn\modules\videoio\test\test_gstreamer.cpp">
      <Filter>opencv_videoio\Src</Filter>
    </ClCompile>
    <ClCompile Include="C:\Source\opencv_cuda4dnn\modules\videoio\test\test_main.cpp">
      <Filter>opencv_videoio\Src</Filter>
    </ClCompile>
    <ClCompile Include="C:\Source\opencv_cuda4dnn\modules\videoio\test\test_mfx.cpp">
      <Filter>opencv_videoio\Src</Filter>
    </ClCompile>
    <ClCompile Include="C:\Source\opencv_cuda4dnn\modules\videoio\test\test_video_io.cpp">
      <Filter>opencv_videoio\Src</Filter>
    </ClCompile>
  </ItemGroup>
  <ItemGroup>
    <ClInclude Include="C:\Source\opencv_cuda4dnn\modules\videoio\test\test_precomp.hpp">
      <Filter>opencv_videoio\Include</Filter>
    </ClInclude>
  </ItemGroup>
  <ItemGroup>
    <CustomBuild Include="C:\Source\opencv_cuda4dnn\modules\world\CMakeLists.txt" />
  </ItemGroup>
  <ItemGroup>
    <Filter Include="opencv_videoio">
      <UniqueIdentifier>{0519EAAD-CCF2-39EA-8A56-271DCC2D8396}</UniqueIdentifier>
    </Filter>
    <Filter Include="opencv_videoio\Include">
      <UniqueIdentifier>{64544598-2675-320A-8889-B7FB1094442A}</UniqueIdentifier>
    </Filter>
    <Filter Include="opencv_videoio\Src">
      <UniqueIdentifier>{CC2565ED-298F-3B60-A896-BFBFA353E707}</UniqueIdentifier>
    </Filter>
  </ItemGroup>
</Project>
