<?xml version="1.0" encoding="utf-8"?>
<Project ToolsVersion="15.0" xmlns="http://schemas.microsoft.com/developer/msbuild/2003">
  <ItemGroup>
    <ClCompile Include="C:\Source\opencv\opencv_contrib-4.1.1\modules\line_descriptor\perf\perf_main.cpp">
      <Filter>opencv_line_descriptor\Src</Filter>
    </ClCompile>
    <ClCompile Include="C:\Source\opencv\opencv_contrib-4.1.1\modules\line_descriptor\perf\perf_matching.cpp">
      <Filter>opencv_line_descriptor\Src</Filter>
    </ClCompile>
  </ItemGroup>
  <ItemGroup>
    <ClInclude Include="C:\Source\opencv\opencv_contrib-4.1.1\modules\line_descriptor\perf\perf_precomp.hpp">
      <Filter>opencv_line_descriptor\Include</Filter>
    </ClInclude>
  </ItemGroup>
  <ItemGroup>
    <CustomBuild Include="C:\Source\opencv_cuda4dnn\modules\world\CMakeLists.txt" />
  </ItemGroup>
  <ItemGroup>
    <Filter Include="opencv_line_descriptor">
      <UniqueIdentifier>{05EDF876-1A06-3000-96FD-803B5930F905}</UniqueIdentifier>
    </Filter>
    <Filter Include="opencv_line_descriptor\Include">
      <UniqueIdentifier>{6AEA14D3-4966-33D8-82C2-7EDE06385710}</UniqueIdentifier>
    </Filter>
    <Filter Include="opencv_line_descriptor\Src">
      <UniqueIdentifier>{1749DB8A-14C4-3AC8-BB8A-C46567AFD1B7}</UniqueIdentifier>
    </Filter>
  </ItemGroup>
</Project>
