<?xml version="1.0" encoding="utf-8"?>
<Project ToolsVersion="15.0" xmlns="http://schemas.microsoft.com/developer/msbuild/2003">
  <ItemGroup>
    <ClCompile Include="C:\Source\opencv_cuda4dnn\modules\features2d\perf\opencl\perf_brute_force_matcher.cpp">
      <Filter>opencv_features2d\Src\opencl</Filter>
    </ClCompile>
    <ClCompile Include="C:\Source\opencv_cuda4dnn\modules\features2d\perf\opencl\perf_feature2d.cpp">
      <Filter>opencv_features2d\Src\opencl</Filter>
    </ClCompile>
    <ClCompile Include="C:\Source\opencv_cuda4dnn\modules\features2d\perf\perf_batchDistance.cpp">
      <Filter>opencv_features2d\Src</Filter>
    </ClCompile>
    <ClCompile Include="C:\Source\opencv_cuda4dnn\modules\features2d\perf\perf_feature2d.cpp">
      <Filter>opencv_features2d\Src</Filter>
    </ClCompile>
    <ClCompile Include="C:\Source\opencv_cuda4dnn\modules\features2d\perf\perf_main.cpp">
      <Filter>opencv_features2d\Src</Filter>
    </ClCompile>
  </ItemGroup>
  <ItemGroup>
    <ClInclude Include="C:\Source\opencv_cuda4dnn\modules\features2d\perf\perf_feature2d.hpp">
      <Filter>opencv_features2d\Include</Filter>
    </ClInclude>
    <ClInclude Include="C:\Source\opencv_cuda4dnn\modules\features2d\perf\perf_precomp.hpp">
      <Filter>opencv_features2d\Include</Filter>
    </ClInclude>
  </ItemGroup>
  <ItemGroup>
    <CustomBuild Include="C:\Source\opencv_cuda4dnn\modules\world\CMakeLists.txt" />
  </ItemGroup>
  <ItemGroup>
    <Filter Include="opencv_features2d">
      <UniqueIdentifier>{4584578D-F0D6-3220-A308-916350961FF3}</UniqueIdentifier>
    </Filter>
    <Filter Include="opencv_features2d\Include">
      <UniqueIdentifier>{A9E04ABB-B431-3F67-A077-66D8A23C501C}</UniqueIdentifier>
    </Filter>
    <Filter Include="opencv_features2d\Src">
      <UniqueIdentifier>{595D2987-D51D-34F3-A151-8D43745CA66B}</UniqueIdentifier>
    </Filter>
    <Filter Include="opencv_features2d\Src\opencl">
      <UniqueIdentifier>{A32144D3-A0FA-377B-9155-10D541FB515E}</UniqueIdentifier>
    </Filter>
  </ItemGroup>
</Project>
