<?xml version="1.0" encoding="utf-8"?>
<Project ToolsVersion="15.0" xmlns="http://schemas.microsoft.com/developer/msbuild/2003">
  <ItemGroup>
    <ClCompile Include="C:\Source\opencv_cuda4dnn\modules\calib3d\perf\opencl\perf_stereobm.cpp">
      <Filter>opencv_calib3d\Src\opencl</Filter>
    </ClCompile>
    <ClCompile Include="C:\Source\opencv_cuda4dnn\modules\calib3d\perf\perf_affine2d.cpp">
      <Filter>opencv_calib3d\Src</Filter>
    </ClCompile>
    <ClCompile Include="C:\Source\opencv_cuda4dnn\modules\calib3d\perf\perf_cicrlesGrid.cpp">
      <Filter>opencv_calib3d\Src</Filter>
    </ClCompile>
    <ClCompile Include="C:\Source\opencv_cuda4dnn\modules\calib3d\perf\perf_main.cpp">
      <Filter>opencv_calib3d\Src</Filter>
    </ClCompile>
    <ClCompile Include="C:\Source\opencv_cuda4dnn\modules\calib3d\perf\perf_pnp.cpp">
      <Filter>opencv_calib3d\Src</Filter>
    </ClCompile>
    <ClCompile Include="C:\Source\opencv_cuda4dnn\modules\calib3d\perf\perf_stereosgbm.cpp">
      <Filter>opencv_calib3d\Src</Filter>
    </ClCompile>
    <ClCompile Include="C:\Source\opencv_cuda4dnn\modules\calib3d\perf\perf_undistort.cpp">
      <Filter>opencv_calib3d\Src</Filter>
    </ClCompile>
  </ItemGroup>
  <ItemGroup>
    <ClInclude Include="C:\Source\opencv_cuda4dnn\modules\calib3d\perf\perf_precomp.hpp">
      <Filter>opencv_calib3d\Include</Filter>
    </ClInclude>
  </ItemGroup>
  <ItemGroup>
    <CustomBuild Include="C:\Source\opencv_cuda4dnn\modules\world\CMakeLists.txt" />
  </ItemGroup>
  <ItemGroup>
    <Filter Include="opencv_calib3d">
      <UniqueIdentifier>{E4183F5C-8A5F-3B00-9DEF-2B130ECE76B0}</UniqueIdentifier>
    </Filter>
    <Filter Include="opencv_calib3d\Include">
      <UniqueIdentifier>{F984E8C4-F282-3587-BA59-C9E747C4169D}</UniqueIdentifier>
    </Filter>
    <Filter Include="opencv_calib3d\Src">
      <UniqueIdentifier>{72218714-ADC7-3948-9F5B-DFF2769D006D}</UniqueIdentifier>
    </Filter>
    <Filter Include="opencv_calib3d\Src\opencl">
      <UniqueIdentifier>{B8C6FFBA-7928-398F-A40B-EBAA95BC97F5}</UniqueIdentifier>
    </Filter>
  </ItemGroup>
</Project>
