<?xml version="1.0" encoding="utf-8"?>
<Project ToolsVersion="15.0" xmlns="http://schemas.microsoft.com/developer/msbuild/2003">
  <ItemGroup>
    <ClCompile Include="C:\Source\opencv_cuda4dnn\modules\ml\test\test_emknearestkmeans.cpp">
      <Filter>opencv_ml\Src</Filter>
    </ClCompile>
    <ClCompile Include="C:\Source\opencv_cuda4dnn\modules\ml\test\test_gbttest.cpp">
      <Filter>opencv_ml\Src</Filter>
    </ClCompile>
    <ClCompile Include="C:\Source\opencv_cuda4dnn\modules\ml\test\test_lr.cpp">
      <Filter>opencv_ml\Src</Filter>
    </ClCompile>
    <ClCompile Include="C:\Source\opencv_cuda4dnn\modules\ml\test\test_main.cpp">
      <Filter>opencv_ml\Src</Filter>
    </ClCompile>
    <ClCompile Include="C:\Source\opencv_cuda4dnn\modules\ml\test\test_mltests.cpp">
      <Filter>opencv_ml\Src</Filter>
    </ClCompile>
    <ClCompile Include="C:\Source\opencv_cuda4dnn\modules\ml\test\test_mltests2.cpp">
      <Filter>opencv_ml\Src</Filter>
    </ClCompile>
    <ClCompile Include="C:\Source\opencv_cuda4dnn\modules\ml\test\test_save_load.cpp">
      <Filter>opencv_ml\Src</Filter>
    </ClCompile>
    <ClCompile Include="C:\Source\opencv_cuda4dnn\modules\ml\test\test_svmsgd.cpp">
      <Filter>opencv_ml\Src</Filter>
    </ClCompile>
    <ClCompile Include="C:\Source\opencv_cuda4dnn\modules\ml\test\test_svmtrainauto.cpp">
      <Filter>opencv_ml\Src</Filter>
    </ClCompile>
  </ItemGroup>
  <ItemGroup>
    <ClInclude Include="C:\Source\opencv_cuda4dnn\modules\ml\test\test_precomp.hpp">
      <Filter>opencv_ml\Include</Filter>
    </ClInclude>
  </ItemGroup>
  <ItemGroup>
    <CustomBuild Include="C:\Source\opencv_cuda4dnn\modules\world\CMakeLists.txt" />
  </ItemGroup>
  <ItemGroup>
    <Filter Include="opencv_ml">
      <UniqueIdentifier>{ADCEA4B1-7928-31C8-A608-83E8EE801582}</UniqueIdentifier>
    </Filter>
    <Filter Include="opencv_ml\Include">
      <UniqueIdentifier>{9ADD8B58-9D79-3E4F-9E08-4D8B1D39FD26}</UniqueIdentifier>
    </Filter>
    <Filter Include="opencv_ml\Src">
      <UniqueIdentifier>{553ECC38-9D31-3E09-AA38-FBC8D2EC7794}</UniqueIdentifier>
    </Filter>
  </ItemGroup>
</Project>
