<?xml version="1.0" encoding="utf-8"?>
<Project ToolsVersion="15.0" xmlns="http://schemas.microsoft.com/developer/msbuild/2003">
  <ItemGroup>
    <ClCompile Include="C:\Source\opencv_cuda4dnn\modules\dnn\test\npy_blob.cpp">
      <Filter>opencv_dnn\Src</Filter>
    </ClCompile>
    <ClCompile Include="C:\Source\opencv_cuda4dnn\modules\dnn\test\test_backends.cpp">
      <Filter>opencv_dnn\Src</Filter>
    </ClCompile>
    <ClCompile Include="C:\Source\opencv_cuda4dnn\modules\dnn\test\test_caffe_importer.cpp">
      <Filter>opencv_dnn\Src</Filter>
    </ClCompile>
    <ClCompile Include="C:\Source\opencv_cuda4dnn\modules\dnn\test\test_common.cpp">
      <Filter>opencv_dnn\Src</Filter>
    </ClCompile>
    <ClCompile Include="C:\Source\opencv_cuda4dnn\modules\dnn\test\test_darknet_importer.cpp">
      <Filter>opencv_dnn\Src</Filter>
    </ClCompile>
    <ClCompile Include="C:\Source\opencv_cuda4dnn\modules\dnn\test\test_googlenet.cpp">
      <Filter>opencv_dnn\Src</Filter>
    </ClCompile>
    <ClCompile Include="C:\Source\opencv_cuda4dnn\modules\dnn\test\test_halide_layers.cpp">
      <Filter>opencv_dnn\Src</Filter>
    </ClCompile>
    <ClCompile Include="C:\Source\opencv_cuda4dnn\modules\dnn\test\test_ie_models.cpp">
      <Filter>opencv_dnn\Src</Filter>
    </ClCompile>
    <ClCompile Include="C:\Source\opencv_cuda4dnn\modules\dnn\test\test_layers.cpp">
      <Filter>opencv_dnn\Src</Filter>
    </ClCompile>
    <ClCompile Include="C:\Source\opencv_cuda4dnn\modules\dnn\test\test_main.cpp">
      <Filter>opencv_dnn\Src</Filter>
    </ClCompile>
    <ClCompile Include="C:\Source\opencv_cuda4dnn\modules\dnn\test\test_misc.cpp">
      <Filter>opencv_dnn\Src</Filter>
    </ClCompile>
    <ClCompile Include="C:\Source\opencv_cuda4dnn\modules\dnn\test\test_model.cpp">
      <Filter>opencv_dnn\Src</Filter>
    </ClCompile>
    <ClCompile Include="C:\Source\opencv_cuda4dnn\modules\dnn\test\test_nms.cpp">
      <Filter>opencv_dnn\Src</Filter>
    </ClCompile>
    <ClCompile Include="C:\Source\opencv_cuda4dnn\modules\dnn\test\test_onnx_importer.cpp">
      <Filter>opencv_dnn\Src</Filter>
    </ClCompile>
    <ClCompile Include="C:\Source\opencv_cuda4dnn\modules\dnn\test\test_tf_importer.cpp">
      <Filter>opencv_dnn\Src</Filter>
    </ClCompile>
    <ClCompile Include="C:\Source\opencv_cuda4dnn\modules\dnn\test\test_torch_importer.cpp">
      <Filter>opencv_dnn\Src</Filter>
    </ClCompile>
  </ItemGroup>
  <ItemGroup>
    <ClInclude Include="C:\Source\opencv_cuda4dnn\modules\dnn\test\npy_blob.hpp">
      <Filter>opencv_dnn\Include</Filter>
    </ClInclude>
    <ClInclude Include="C:\Source\opencv_cuda4dnn\modules\dnn\test\test_common.hpp">
      <Filter>test_common</Filter>
    </ClInclude>
    <ClInclude Include="C:\Source\opencv_cuda4dnn\modules\dnn\test\test_common.impl.hpp">
      <Filter>test_common</Filter>
    </ClInclude>
    <ClInclude Include="C:\Source\opencv_cuda4dnn\modules\dnn\test\test_precomp.hpp">
      <Filter>opencv_dnn\Include</Filter>
    </ClInclude>
  </ItemGroup>
  <ItemGroup>
    <CustomBuild Include="C:\Source\opencv_cuda4dnn\modules\world\CMakeLists.txt" />
  </ItemGroup>
  <ItemGroup>
    <Filter Include="opencv_dnn">
      <UniqueIdentifier>{95A779FF-C884-3BA4-A349-5368877391BA}</UniqueIdentifier>
    </Filter>
    <Filter Include="opencv_dnn\Include">
      <UniqueIdentifier>{50F86A53-400A-3434-A636-F37D6A243C96}</UniqueIdentifier>
    </Filter>
    <Filter Include="opencv_dnn\Src">
      <UniqueIdentifier>{75D5E780-A584-335C-A765-712F741FF5EA}</UniqueIdentifier>
    </Filter>
    <Filter Include="test_common">
      <UniqueIdentifier>{CFDCE33F-88A1-30CB-8274-BDDD02D2B571}</UniqueIdentifier>
    </Filter>
  </ItemGroup>
</Project>
