<?xml version="1.0" encoding="utf-8"?>
<Project ToolsVersion="15.0" xmlns="http://schemas.microsoft.com/developer/msbuild/2003">
  <ItemGroup>
    <ClCompile Include="C:\Source\opencv_cuda4dnn\modules\video\perf\opencl\perf_bgfg_knn.cpp">
      <Filter>opencv_video\Src\opencl</Filter>
    </ClCompile>
    <ClCompile Include="C:\Source\opencv_cuda4dnn\modules\video\perf\opencl\perf_bgfg_mog2.cpp">
      <Filter>opencv_video\Src\opencl</Filter>
    </ClCompile>
    <ClCompile Include="C:\Source\opencv_cuda4dnn\modules\video\perf\opencl\perf_dis_optflow.cpp">
      <Filter>opencv_video\Src\opencl</Filter>
    </ClCompile>
    <ClCompile Include="C:\Source\opencv_cuda4dnn\modules\video\perf\opencl\perf_motempl.cpp">
      <Filter>opencv_video\Src\opencl</Filter>
    </ClCompile>
    <ClCompile Include="C:\Source\opencv_cuda4dnn\modules\video\perf\opencl\perf_optflow_farneback.cpp">
      <Filter>opencv_video\Src\opencl</Filter>
    </ClCompile>
    <ClCompile Include="C:\Source\opencv_cuda4dnn\modules\video\perf\opencl\perf_optflow_pyrlk.cpp">
      <Filter>opencv_video\Src\opencl</Filter>
    </ClCompile>
    <ClCompile Include="C:\Source\opencv_cuda4dnn\modules\video\perf\perf_bgfg_knn.cpp">
      <Filter>opencv_video\Src</Filter>
    </ClCompile>
    <ClCompile Include="C:\Source\opencv_cuda4dnn\modules\video\perf\perf_bgfg_mog2.cpp">
      <Filter>opencv_video\Src</Filter>
    </ClCompile>
    <ClCompile Include="C:\Source\opencv_cuda4dnn\modules\video\perf\perf_disflow.cpp">
      <Filter>opencv_video\Src</Filter>
    </ClCompile>
    <ClCompile Include="C:\Source\opencv_cuda4dnn\modules\video\perf\perf_ecc.cpp">
      <Filter>opencv_video\Src</Filter>
    </ClCompile>
    <ClCompile Include="C:\Source\opencv_cuda4dnn\modules\video\perf\perf_main.cpp">
      <Filter>opencv_video\Src</Filter>
    </ClCompile>
    <ClCompile Include="C:\Source\opencv_cuda4dnn\modules\video\perf\perf_optflowpyrlk.cpp">
      <Filter>opencv_video\Src</Filter>
    </ClCompile>
    <ClCompile Include="C:\Source\opencv_cuda4dnn\modules\video\perf\perf_variational_refinement.cpp">
      <Filter>opencv_video\Src</Filter>
    </ClCompile>
  </ItemGroup>
  <ItemGroup>
    <ClInclude Include="C:\Source\opencv_cuda4dnn\modules\video\perf\perf_bgfg_utils.hpp">
      <Filter>opencv_video\Include</Filter>
    </ClInclude>
    <ClInclude Include="C:\Source\opencv_cuda4dnn\modules\video\perf\perf_precomp.hpp">
      <Filter>opencv_video\Include</Filter>
    </ClInclude>
  </ItemGroup>
  <ItemGroup>
    <CustomBuild Include="C:\Source\opencv_cuda4dnn\modules\world\CMakeLists.txt" />
  </ItemGroup>
  <ItemGroup>
    <Filter Include="opencv_video">
      <UniqueIdentifier>{BE828F54-B528-3537-AD77-77A7626093BC}</UniqueIdentifier>
    </Filter>
    <Filter Include="opencv_video\Include">
      <UniqueIdentifier>{CD6D52C5-364E-35A5-A552-4A46925F2156}</UniqueIdentifier>
    </Filter>
    <Filter Include="opencv_video\Src">
      <UniqueIdentifier>{0D8FEAC2-977C-383E-9CA6-3FB61B276133}</UniqueIdentifier>
    </Filter>
    <Filter Include="opencv_video\Src\opencl">
      <UniqueIdentifier>{5F4DB8A0-7BFC-3252-8DE3-65D60E217F14}</UniqueIdentifier>
    </Filter>
  </ItemGroup>
</Project>
