<?xml version="1.0" encoding="utf-8"?>
<Project ToolsVersion="15.0" xmlns="http://schemas.microsoft.com/developer/msbuild/2003">
  <ItemGroup>
    <ClCompile Include="C:\Source\opencv_cuda4dnn\modules\flann\test\test_lshtable_badarg.cpp">
      <Filter>opencv_flann\Src</Filter>
    </ClCompile>
    <ClCompile Include="C:\Source\opencv_cuda4dnn\modules\flann\test\test_main.cpp">
      <Filter>opencv_flann\Src</Filter>
    </ClCompile>
  </ItemGroup>
  <ItemGroup>
    <ClInclude Include="C:\Source\opencv_cuda4dnn\modules\flann\test\test_precomp.hpp">
      <Filter>opencv_flann\Include</Filter>
    </ClInclude>
  </ItemGroup>
  <ItemGroup>
    <CustomBuild Include="C:\Source\opencv_cuda4dnn\modules\world\CMakeLists.txt" />
  </ItemGroup>
  <ItemGroup>
    <Filter Include="opencv_flann">
      <UniqueIdentifier>{76844BA2-3F18-360C-ABA5-78FACAA25573}</UniqueIdentifier>
    </Filter>
    <Filter Include="opencv_flann\Include">
      <UniqueIdentifier>{302C02A3-4608-3DE9-B8CB-C75E80059970}</UniqueIdentifier>
    </Filter>
    <Filter Include="opencv_flann\Src">
      <UniqueIdentifier>{3C814F01-DD80-3745-9E68-D258F4683B7B}</UniqueIdentifier>
    </Filter>
  </ItemGroup>
</Project>
