<?xml version="1.0" encoding="utf-8"?>
<Project ToolsVersion="15.0" xmlns="http://schemas.microsoft.com/developer/msbuild/2003">
  <ItemGroup>
    <ClCompile Include="C:\Source\opencv\opencv_contrib-4.1.1\modules\cudabgsegm\perf\perf_bgsegm.cpp">
      <Filter>opencv_cudabgsegm\Src</Filter>
    </ClCompile>
    <ClCompile Include="C:\Source\opencv\opencv_contrib-4.1.1\modules\cudabgsegm\perf\perf_main.cpp">
      <Filter>opencv_cudabgsegm\Src</Filter>
    </ClCompile>
  </ItemGroup>
  <ItemGroup>
    <ClInclude Include="C:\Source\opencv\opencv_contrib-4.1.1\modules\cudabgsegm\perf\perf_precomp.hpp">
      <Filter>opencv_cudabgsegm\Include</Filter>
    </ClInclude>
  </ItemGroup>
  <ItemGroup>
    <CustomBuild Include="C:\Source\opencv_cuda4dnn\modules\world\CMakeLists.txt" />
  </ItemGroup>
  <ItemGroup>
    <Filter Include="opencv_cudabgsegm">
      <UniqueIdentifier>{5A3D6745-E834-34FC-BE90-3779BF848A95}</UniqueIdentifier>
    </Filter>
    <Filter Include="opencv_cudabgsegm\Include">
      <UniqueIdentifier>{C1FE71DA-9B2B-3FB8-BE78-A1E936BD3C7D}</UniqueIdentifier>
    </Filter>
    <Filter Include="opencv_cudabgsegm\Src">
      <UniqueIdentifier>{964FB391-70E4-3BC2-9CBD-A6D7E42F17A4}</UniqueIdentifier>
    </Filter>
  </ItemGroup>
</Project>
