<?xml version="1.0" encoding="utf-8"?>
<Project ToolsVersion="15.0" xmlns="http://schemas.microsoft.com/developer/msbuild/2003">
  <ItemGroup>
    <ClCompile Include="C:\Source\opencv_cuda4dnn\modules\photo\perf\opencl\perf_denoising.cpp">
      <Filter>opencv_photo\Src\opencl</Filter>
    </ClCompile>
    <ClCompile Include="C:\Source\opencv_cuda4dnn\modules\photo\perf\perf_cuda.cpp">
      <Filter>opencv_photo\Src</Filter>
    </ClCompile>
    <ClCompile Include="C:\Source\opencv_cuda4dnn\modules\photo\perf\perf_inpaint.cpp">
      <Filter>opencv_photo\Src</Filter>
    </ClCompile>
    <ClCompile Include="C:\Source\opencv_cuda4dnn\modules\photo\perf\perf_main.cpp">
      <Filter>opencv_photo\Src</Filter>
    </ClCompile>
  </ItemGroup>
  <ItemGroup>
    <ClInclude Include="C:\Source\opencv_cuda4dnn\modules\photo\perf\perf_precomp.hpp">
      <Filter>opencv_photo\Include</Filter>
    </ClInclude>
  </ItemGroup>
  <ItemGroup>
    <CustomBuild Include="C:\Source\opencv_cuda4dnn\modules\world\CMakeLists.txt" />
  </ItemGroup>
  <ItemGroup>
    <Filter Include="opencv_photo">
      <UniqueIdentifier>{829D1591-4C60-364B-B890-C141A639906D}</UniqueIdentifier>
    </Filter>
    <Filter Include="opencv_photo\Include">
      <UniqueIdentifier>{EF497C54-89E7-3B51-B74B-26B54607B8E2}</UniqueIdentifier>
    </Filter>
    <Filter Include="opencv_photo\Src">
      <UniqueIdentifier>{C76FDB8F-016E-3755-A66A-AC29FD829308}</UniqueIdentifier>
    </Filter>
    <Filter Include="opencv_photo\Src\opencl">
      <UniqueIdentifier>{C11CF935-D867-3FFB-B20B-D804CA212EA1}</UniqueIdentifier>
    </Filter>
  </ItemGroup>
</Project>
