<?xml version="1.0" encoding="utf-8"?>
<Project ToolsVersion="15.0" xmlns="http://schemas.microsoft.com/developer/msbuild/2003">
  <ItemGroup>
    <ClCompile Include="C:\Source\opencv\opencv_contrib-4.1.1\modules\cudastereo\perf\perf_main.cpp">
      <Filter>opencv_cudastereo\Src</Filter>
    </ClCompile>
    <ClCompile Include="C:\Source\opencv\opencv_contrib-4.1.1\modules\cudastereo\perf\perf_stereo.cpp">
      <Filter>opencv_cudastereo\Src</Filter>
    </ClCompile>
  </ItemGroup>
  <ItemGroup>
    <ClInclude Include="C:\Source\opencv\opencv_contrib-4.1.1\modules\cudastereo\perf\perf_precomp.hpp">
      <Filter>opencv_cudastereo\Include</Filter>
    </ClInclude>
  </ItemGroup>
  <ItemGroup>
    <CustomBuild Include="C:\Source\opencv_cuda4dnn\modules\world\CMakeLists.txt" />
  </ItemGroup>
  <ItemGroup>
    <Filter Include="opencv_cudastereo">
      <UniqueIdentifier>{6F89E250-0B76-398D-8216-0F79878DC2A1}</UniqueIdentifier>
    </Filter>
    <Filter Include="opencv_cudastereo\Include">
      <UniqueIdentifier>{FA1E7689-27B3-3270-85FE-38A166FCBB79}</UniqueIdentifier>
    </Filter>
    <Filter Include="opencv_cudastereo\Src">
      <UniqueIdentifier>{09303C2A-76E3-3FDD-A8E9-FEED032B576E}</UniqueIdentifier>
    </Filter>
  </ItemGroup>
</Project>
