<?xml version="1.0" encoding="utf-8"?>
<Project ToolsVersion="15.0" xmlns="http://schemas.microsoft.com/developer/msbuild/2003">
  <ItemGroup>
    <ClCompile Include="C:\Source\opencv_cuda4dnn\modules\highgui\test\test_gui.cpp">
      <Filter>opencv_highgui\Src</Filter>
    </ClCompile>
    <ClCompile Include="C:\Source\opencv_cuda4dnn\modules\highgui\test\test_main.cpp">
      <Filter>opencv_highgui\Src</Filter>
    </ClCompile>
  </ItemGroup>
  <ItemGroup>
    <ClInclude Include="C:\Source\opencv_cuda4dnn\modules\highgui\test\test_precomp.hpp">
      <Filter>opencv_highgui\Include</Filter>
    </ClInclude>
  </ItemGroup>
  <ItemGroup>
    <CustomBuild Include="C:\Source\opencv_cuda4dnn\modules\world\CMakeLists.txt" />
  </ItemGroup>
  <ItemGroup>
    <Filter Include="opencv_highgui">
      <UniqueIdentifier>{A9A4001A-907A-3E3D-B622-7039F145177F}</UniqueIdentifier>
    </Filter>
    <Filter Include="opencv_highgui\Include">
      <UniqueIdentifier>{C470BE92-74E9-336A-9F80-1C1F1BCEBE1A}</UniqueIdentifier>
    </Filter>
    <Filter Include="opencv_highgui\Src">
      <UniqueIdentifier>{9F0D6F31-FA02-3400-91C5-4248A9CD0F28}</UniqueIdentifier>
    </Filter>
  </ItemGroup>
</Project>
