<?xml version="1.0" encoding="utf-8"?>
<Project ToolsVersion="15.0" xmlns="http://schemas.microsoft.com/developer/msbuild/2003">
  <ItemGroup>
    <ClCompile Include="C:\Source\opencv\opencv_contrib-4.1.1\modules\img_hash\src\average_hash.cpp">
      <Filter>Src</Filter>
    </ClCompile>
    <ClCompile Include="C:\Source\opencv\opencv_contrib-4.1.1\modules\img_hash\src\block_mean_hash.cpp">
      <Filter>Src</Filter>
    </ClCompile>
    <ClCompile Include="C:\Source\opencv\opencv_contrib-4.1.1\modules\img_hash\src\color_moment_hash.cpp">
      <Filter>Src</Filter>
    </ClCompile>
    <ClCompile Include="C:\Source\opencv\opencv_contrib-4.1.1\modules\img_hash\src\img_hash_base.cpp">
      <Filter>Src</Filter>
    </ClCompile>
    <ClCompile Include="C:\Source\opencv\opencv_contrib-4.1.1\modules\img_hash\src\marr_hildreth_hash.cpp">
      <Filter>Src</Filter>
    </ClCompile>
    <ClCompile Include="C:\Source\opencv\opencv_contrib-4.1.1\modules\img_hash\src\phash.cpp">
      <Filter>Src</Filter>
    </ClCompile>
    <ClCompile Include="C:\Source\opencv\opencv_contrib-4.1.1\modules\img_hash\src\radial_variance_hash.cpp">
      <Filter>Src</Filter>
    </ClCompile>
    <ClCompile Include="C:\Source\opencv_cuda4dnn\build_no_tbb\modules\img_hash\opencv_img_hash_main.cpp">
      <Filter>Source Files</Filter>
    </ClCompile>
  </ItemGroup>
  <ItemGroup>
    <ClInclude Include="C:\Source\opencv\opencv_contrib-4.1.1\modules\img_hash\include\opencv2\img_hash.hpp">
      <Filter>Include\opencv2</Filter>
    </ClInclude>
    <ClInclude Include="C:\Source\opencv\opencv_contrib-4.1.1\modules\img_hash\include\opencv2\img_hash\average_hash.hpp">
      <Filter>Include\opencv2\img_hash</Filter>
    </ClInclude>
    <ClInclude Include="C:\Source\opencv\opencv_contrib-4.1.1\modules\img_hash\include\opencv2\img_hash\block_mean_hash.hpp">
      <Filter>Include\opencv2\img_hash</Filter>
    </ClInclude>
    <ClInclude Include="C:\Source\opencv\opencv_contrib-4.1.1\modules\img_hash\include\opencv2\img_hash\color_moment_hash.hpp">
      <Filter>Include\opencv2\img_hash</Filter>
    </ClInclude>
    <ClInclude Include="C:\Source\opencv\opencv_contrib-4.1.1\modules\img_hash\include\opencv2\img_hash\img_hash_base.hpp">
      <Filter>Include\opencv2\img_hash</Filter>
    </ClInclude>
    <ClInclude Include="C:\Source\opencv\opencv_contrib-4.1.1\modules\img_hash\include\opencv2\img_hash\marr_hildreth_hash.hpp">
      <Filter>Include\opencv2\img_hash</Filter>
    </ClInclude>
    <ClInclude Include="C:\Source\opencv\opencv_contrib-4.1.1\modules\img_hash\include\opencv2\img_hash\phash.hpp">
      <Filter>Include\opencv2\img_hash</Filter>
    </ClInclude>
    <ClInclude Include="C:\Source\opencv\opencv_contrib-4.1.1\modules\img_hash\include\opencv2\img_hash\radial_variance_hash.hpp">
      <Filter>Include\opencv2\img_hash</Filter>
    </ClInclude>
    <ClInclude Include="C:\Source\opencv\opencv_contrib-4.1.1\modules\img_hash\src\precomp.hpp">
      <Filter>Src</Filter>
    </ClInclude>
    <ClInclude Include="C:\Source\opencv_cuda4dnn\build_no_tbb\cvconfig.h">
      <Filter>Include</Filter>
    </ClInclude>
    <ClInclude Include="C:\Source\opencv_cuda4dnn\build_no_tbb\opencv2\opencv_modules.hpp">
      <Filter>Include</Filter>
    </ClInclude>
  </ItemGroup>
  <ItemGroup>
    <CustomBuild Include="C:\Source\opencv\opencv_contrib-4.1.1\modules\img_hash\CMakeLists.txt" />
  </ItemGroup>
  <ItemGroup>
    <ResourceCompile Include="C:\Source\opencv_cuda4dnn\build_no_tbb\modules\img_hash\vs_version.rc">
      <Filter>Src</Filter>
    </ResourceCompile>
  </ItemGroup>
  <ItemGroup>
    <Filter Include="Include">
      <UniqueIdentifier>{7DE26A1E-2354-304C-9D57-1969564C7EA2}</UniqueIdentifier>
    </Filter>
    <Filter Include="Include\opencv2">
      <UniqueIdentifier>{C71E6853-A820-38EF-A887-6DCC972C8876}</UniqueIdentifier>
    </Filter>
    <Filter Include="Include\opencv2\img_hash">
      <UniqueIdentifier>{CCC0CD18-4F94-349B-9416-7ECDB921D1F7}</UniqueIdentifier>
    </Filter>
    <Filter Include="Source Files">
      <UniqueIdentifier>{DBD420DC-58AE-3C71-B060-BC14944081D9}</UniqueIdentifier>
    </Filter>
    <Filter Include="Src">
      <UniqueIdentifier>{B8E153B0-48B0-382F-A396-627CA451F16E}</UniqueIdentifier>
    </Filter>
  </ItemGroup>
</Project>
